
Microsoft Visual Studio Solution File, Format Version 12.00
# Visual Studio Version 16
VisualStudioVersion = 16.0.30709.132
MinimumVisualStudioVersion = 10.0.40219.1
Project("{9A19103F-16F7-4668-BE54-9A1E7A4F7556}") = "Exceltec.Arquitectura.CRM.Servicio", "Exceltec.Arquitectura.CRM.Servicio\Exceltec.Arquitectura.CRM.Servicio.csproj", "{4C772A39-D6C0-429C-ACDB-1D403BAEE642}"
EndProject
Project("{9A19103F-16F7-4668-BE54-9A1E7A4F7556}") = "Exceltec.Arquitectura.CRM.Extensions", "Exceltec.Arquitectura.CRM.Extensions\Exceltec.Arquitectura.CRM.Extensions.csproj", "{0494EFA0-B104-434C-81B0-71FD52294728}"
EndProject
Project("{9A19103F-16F7-4668-BE54-9A1E7A4F7556}") = "Exceltec.Arquitectura.CRM.DataAccess", "Exceltec.Arquitectura.CRM.DataAccess\Exceltec.Arquitectura.CRM.DataAccess.csproj", "{3F420220-202E-4DAA-9FD0-D2262F5988EC}"
EndProject
Project("{9A19103F-16F7-4668-BE54-9A1E7A4F7556}") = "Exceltec.Arquitectura.CRM.Entity", "Exceltec.Arquitectura.CRM.Entity\Exceltec.Arquitectura.CRM.Entity.csproj", "{7F7BA007-F02F-468C-B6AC-A050B47AAEE6}"
EndProject
Project("{9A19103F-16F7-4668-BE54-9A1E7A4F7556}") = "Exceltec.Arquitectura.CRM.BusinessLogic", "Exceltec.Arquitectura.CRM.BusinessLogic\Exceltec.Arquitectura.CRM.BusinessLogic.csproj", "{942756D3-094A-4613-9E87-3816A9CF9DF7}"
EndProject
Project("{FAE04EC0-301F-11D3-BF4B-00C04F79EFBC}") = "Exceltec.Arquitectura.CRM.FrontEnd", "Exceltec.Arquitectura.CRM.FrontEnd\Exceltec.Arquitectura.CRM.FrontEnd.csproj", "{3A7FDCA2-9F3E-4064-BEBE-60AD2D4B67E2}"
EndProject
Global
	GlobalSection(SolutionConfigurationPlatforms) = preSolution
		Debug|Any CPU = Debug|Any CPU
		Release|Any CPU = Release|Any CPU
	EndGlobalSection
	GlobalSection(ProjectConfigurationPlatforms) = postSolution
		{4C772A39-D6C0-429C-ACDB-1D403BAEE642}.Debug|Any CPU.ActiveCfg = Debug|Any CPU
		{4C772A39-D6C0-429C-ACDB-1D403BAEE642}.Debug|Any CPU.Build.0 = Debug|Any CPU
		{4C772A39-D6C0-429C-ACDB-1D403BAEE642}.Release|Any CPU.ActiveCfg = Release|Any CPU
		{4C772A39-D6C0-429C-ACDB-1D403BAEE642}.Release|Any CPU.Build.0 = Release|Any CPU
		{0494EFA0-B104-434C-81B0-71FD52294728}.Debug|Any CPU.ActiveCfg = Debug|Any CPU
		{0494EFA0-B104-434C-81B0-71FD52294728}.Debug|Any CPU.Build.0 = Debug|Any CPU
		{0494EFA0-B104-434C-81B0-71FD52294728}.Release|Any CPU.ActiveCfg = Release|Any CPU
		{0494EFA0-B104-434C-81B0-71FD52294728}.Release|Any CPU.Build.0 = Release|Any CPU
		{3F420220-202E-4DAA-9FD0-D2262F5988EC}.Debug|Any CPU.ActiveCfg = Debug|Any CPU
		{3F420220-202E-4DAA-9FD0-D2262F5988EC}.Debug|Any CPU.Build.0 = Debug|Any CPU
		{3F420220-202E-4DAA-9FD0-D2262F5988EC}.Release|Any CPU.ActiveCfg = Release|Any CPU
		{3F420220-202E-4DAA-9FD0-D2262F5988EC}.Release|Any CPU.Build.0 = Release|Any CPU
		{7F7BA007-F02F-468C-B6AC-A050B47AAEE6}.Debug|Any CPU.ActiveCfg = Debug|Any CPU
		{7F7BA007-F02F-468C-B6AC-A050B47AAEE6}.Debug|Any CPU.Build.0 = Debug|Any CPU
		{7F7BA007-F02F-468C-B6AC-A050B47AAEE6}.Release|Any CPU.ActiveCfg = Release|Any CPU
		{7F7BA007-F02F-468C-B6AC-A050B47AAEE6}.Release|Any CPU.Build.0 = Release|Any CPU
		{942756D3-094A-4613-9E87-3816A9CF9DF7}.Debug|Any CPU.ActiveCfg = Debug|Any CPU
		{942756D3-094A-4613-9E87-3816A9CF9DF7}.Debug|Any CPU.Build.0 = Debug|Any CPU
		{942756D3-094A-4613-9E87-3816A9CF9DF7}.Release|Any CPU.ActiveCfg = Release|Any CPU
		{942756D3-094A-4613-9E87-3816A9CF9DF7}.Release|Any CPU.Build.0 = Release|Any CPU
		{3A7FDCA2-9F3E-4064-BEBE-60AD2D4B67E2}.Debug|Any CPU.ActiveCfg = Debug|Any CPU
		{3A7FDCA2-9F3E-4064-BEBE-60AD2D4B67E2}.Debug|Any CPU.Build.0 = Debug|Any CPU
		{3A7FDCA2-9F3E-4064-BEBE-60AD2D4B67E2}.Release|Any CPU.ActiveCfg = Release|Any CPU
		{3A7FDCA2-9F3E-4064-BEBE-60AD2D4B67E2}.Release|Any CPU.Build.0 = Release|Any CPU
	EndGlobalSection
	GlobalSection(SolutionProperties) = preSolution
		HideSolutionNode = FALSE
	EndGlobalSection
	GlobalSection(ExtensibilityGlobals) = postSolution
		SolutionGuid = {66BE4677-276D-4B18-9B7C-B309DC1A6EAA}
	EndGlobalSection
EndGlobal
